{
  "name": "translate-puppeteer",
  "version": "1.0.4",
  "lockfileVersion": 2,
  "requires": true,
  "packages": {
    "": {
      "name": "translate-puppeteer",
      "version": "1.0.4",
      "license": "ISC",
      "dependencies": {
        "translate-puppeteer": "^1.0.2"
      }
    },
    "node_modules/translate-puppeteer": {
      "version": "1.0.4",
      "resolved": "https://registry.npmjs.org/translate-puppeteer/-/translate-puppeteer-1.0.4.tgz",
      "integrity": "sha512-qqLjlnLodcrSe6OOpYWMg/Bfyh8+lADkqeLQJ3qaJ1u/jLW8SnwA+7Yrs/SIAkGinb5F8emZBSLhWVIRJYV22Q==",
      "dependencies": {
        "translate-puppeteer": "^1.0.2"
      }
    }
  },
  "dependencies": {
    "translate-puppeteer": {
      "version": "1.0.4",
      "resolved": "https://registry.npmjs.org/translate-puppeteer/-/translate-puppeteer-1.0.4.tgz",
      "integrity": "sha512-qqLjlnLodcrSe6OOpYWMg/Bfyh8+lADkqeLQJ3qaJ1u/jLW8SnwA+7Yrs/SIAkGinb5F8emZBSLhWVIRJYV22Q==",
      "requires": {
        "translate-puppeteer": "^1.0.2"
      }
    }
  }
}
